
Microsoft Visual Studio Solution File, Format Version 12.00
# Visual Studio Version 16
VisualStudioVersion = 16.0.31702.278
MinimumVisualStudioVersion = 10.0.40219.1
Project("{FAE04EC0-301F-11D3-BF4B-00C04F79EFBC}") = "Calculadora_Teste_Unitario", "Calculadora_Teste_Unitario\Calculadora_Teste_Unitario.csproj", "{EEC95E67-40F9-43E7-8384-0198F1084D8B}"
EndProject
Project("{FAE04EC0-301F-11D3-BF4B-00C04F79EFBC}") = "UnitTestProject1", "UnitTestProject1\UnitTestProject1.csproj", "{3BC7EEEE-0B9E-4770-A949-3E4E79B9BFF2}"
EndProject
Global
	GlobalSection(SolutionConfigurationPlatforms) = preSolution
		Debug|Any CPU = Debug|Any CPU
		Release|Any CPU = Release|Any CPU
	EndGlobalSection
	GlobalSection(ProjectConfigurationPlatforms) = postSolution
		{EEC95E67-40F9-43E7-8384-0198F1084D8B}.Debug|Any CPU.ActiveCfg = Debug|Any CPU
		{EEC95E67-40F9-43E7-8384-0198F1084D8B}.Debug|Any CPU.Build.0 = Debug|Any CPU
		{EEC95E67-40F9-43E7-8384-0198F1084D8B}.Release|Any CPU.ActiveCfg = Release|Any CPU
		{EEC95E67-40F9-43E7-8384-0198F1084D8B}.Release|Any CPU.Build.0 = Release|Any CPU
		{3BC7EEEE-0B9E-4770-A949-3E4E79B9BFF2}.Debug|Any CPU.ActiveCfg = Debug|Any CPU
		{3BC7EEEE-0B9E-4770-A949-3E4E79B9BFF2}.Debug|Any CPU.Build.0 = Debug|Any CPU
		{3BC7EEEE-0B9E-4770-A949-3E4E79B9BFF2}.Release|Any CPU.ActiveCfg = Release|Any CPU
		{3BC7EEEE-0B9E-4770-A949-3E4E79B9BFF2}.Release|Any CPU.Build.0 = Release|Any CPU
	EndGlobalSection
	GlobalSection(SolutionProperties) = preSolution
		HideSolutionNode = FALSE
	EndGlobalSection
	GlobalSection(ExtensibilityGlobals) = postSolution
		SolutionGuid = {3C327951-EEB4-480D-ADF5-AB563039C269}
	EndGlobalSection
EndGlobal
